
Microsoft Visual Studio Solution File, Format Version 12.00
# Visual Studio Version 17
VisualStudioVersion = 17.0.31903.59
MinimumVisualStudioVersion = 10.0.40219.1
Project("{FAE04EC0-301F-11D3-BF4B-00C04F79EFBC}") = "HW7 Hero Met", "HW7\HW7 Hero Met.csproj", "{8E3BF867-4E95-4DB6-817C-FCF44085485A}"
EndProject
Project("{FAE04EC0-301F-11D3-BF4B-00C04F79EFBC}") = "HW7 Cube", "HW7 Cube\HW7 Cube.csproj", "{A2C9CC08-3CC1-4FA5-9D49-EA875EAA7A24}"
EndProject
Global
	GlobalSection(SolutionConfigurationPlatforms) = preSolution
		Debug|Any CPU = Debug|Any CPU
		Release|Any CPU = Release|Any CPU
	EndGlobalSection
	GlobalSection(ProjectConfigurationPlatforms) = postSolution
		{8E3BF867-4E95-4DB6-817C-FCF44085485A}.Debug|Any CPU.ActiveCfg = Debug|Any CPU
		{8E3BF867-4E95-4DB6-817C-FCF44085485A}.Debug|Any CPU.Build.0 = Debug|Any CPU
		{8E3BF867-4E95-4DB6-817C-FCF44085485A}.Release|Any CPU.ActiveCfg = Release|Any CPU
		{8E3BF867-4E95-4DB6-817C-FCF44085485A}.Release|Any CPU.Build.0 = Release|Any CPU
		{A2C9CC08-3CC1-4FA5-9D49-EA875EAA7A24}.Debug|Any CPU.ActiveCfg = Debug|Any CPU
		{A2C9CC08-3CC1-4FA5-9D49-EA875EAA7A24}.Debug|Any CPU.Build.0 = Debug|Any CPU
		{A2C9CC08-3CC1-4FA5-9D49-EA875EAA7A24}.Release|Any CPU.ActiveCfg = Release|Any CPU
		{A2C9CC08-3CC1-4FA5-9D49-EA875EAA7A24}.Release|Any CPU.Build.0 = Release|Any CPU
	EndGlobalSection
	GlobalSection(SolutionProperties) = preSolution
		HideSolutionNode = FALSE
	EndGlobalSection
	GlobalSection(ExtensibilityGlobals) = postSolution
		SolutionGuid = {1D20CC00-1E9B-4325-B098-527A4BCA0950}
	EndGlobalSection
EndGlobal
